// !$*UTF8*$!
{
	archiveVersion = 1;
	classes = {
	};
	objectVersion = 56;
	objects = {

/* Begin PBXBuildFile section */
		3E1623E92ACE7F01006D6727 /* InteractiveWidgetKitApp.swift in Sources */ = {isa = PBXBuildFile; fileRef = 3E1623E82ACE7F01006D6727 /* InteractiveWidgetKitApp.swift */; };
		3E1623EB2ACE7F01006D6727 /* ContentView.swift in Sources */ = {isa = PBXBuildFile; fileRef = 3E1623EA2ACE7F01006D6727 /* ContentView.swift */; };
		3E1623ED2ACE7F02006D6727 /* Assets.xcassets in Resources */ = {isa = PBXBuildFile; fileRef = 3E1623EC2ACE7F02006D6727 /* Assets.xcassets */; };
		3E1623F02ACE7F02006D6727 /* Preview Assets.xcassets in Resources */ = {isa = PBXBuildFile; fileRef = 3E1623EF2ACE7F02006D6727 /* Preview Assets.xcassets */; };
		3E1623FD2ACE7F61006D6727 /* WidgetKit.framework in Frameworks */ = {isa = PBXBuildFile; fileRef = 3E1623FC2ACE7F61006D6727 /* WidgetKit.framework */; };
		3E1623FF2ACE7F61006D6727 /* SwiftUI.framework in Frameworks */ = {isa = PBXBuildFile; fileRef = 3E1623FE2ACE7F61006D6727 /* SwiftUI.framework */; };
		3E1624022ACE7F61006D6727 /* ToDoWidgetBundle.swift in Sources */ = {isa = PBXBuildFile; fileRef = 3E1624012ACE7F61006D6727 /* ToDoWidgetBundle.swift */; };
		3E1624042ACE7F61006D6727 /* ToDoWidget.swift in Sources */ = {isa = PBXBuildFile; fileRef = 3E1624032ACE7F61006D6727 /* ToDoWidget.swift */; };
		3E1624062ACE7F62006D6727 /* Assets.xcassets in Resources */ = {isa = PBXBuildFile; fileRef = 3E1624052ACE7F62006D6727 /* Assets.xcassets */; };
		3E16240A2ACE7F62006D6727 /* ToDoWidgetExtension.appex in Embed Foundation Extensions */ = {isa = PBXBuildFile; fileRef = 3E1623FA2ACE7F61006D6727 /* ToDoWidgetExtension.appex */; settings = {ATTRIBUTES = (RemoveHeadersOnCopy, ); }; };
		3E1624102ACE7F9D006D6727 /* ToDo.swift in Sources */ = {isa = PBXBuildFile; fileRef = 3E16240F2ACE7F9D006D6727 /* ToDo.swift */; };
		3E1624112ACE8248006D6727 /* ToDo.swift in Sources */ = {isa = PBXBuildFile; fileRef = 3E16240F2ACE7F9D006D6727 /* ToDo.swift */; };
		3E1624132ACE877B006D6727 /* CompleteToDoIntent.swift in Sources */ = {isa = PBXBuildFile; fileRef = 3E1624122ACE877B006D6727 /* CompleteToDoIntent.swift */; };
		3E1624142ACE8A29006D6727 /* CompleteToDoIntent.swift in Sources */ = {isa = PBXBuildFile; fileRef = 3E1624122ACE877B006D6727 /* CompleteToDoIntent.swift */; };
/* End PBXBuildFile section */

/* Begin PBXContainerItemProxy section */
		3E1624082ACE7F62006D6727 /* PBXContainerItemProxy */ = {
			isa = PBXContainerItemProxy;
			containerPortal = 3E1623DD2ACE7F01006D6727 /* Project object */;
			proxyType = 1;
			remoteGlobalIDString = 3E1623F92ACE7F61006D6727;
			remoteInfo = ToDoWidgetExtension;
		};
/* End PBXContainerItemProxy section */

/* Begin PBXCopyFilesBuildPhase section */
		3E16240E2ACE7F62006D6727 /* Embed Foundation Extensions */ = {
			isa = PBXCopyFilesBuildPhase;
			buildActionMask = 2147483647;
			dstPath = "";
			dstSubfolderSpec = 13;
			files = (
				3E16240A2ACE7F62006D6727 /* ToDoWidgetExtension.appex in Embed Foundation Extensions */,
			);
			name = "Embed Foundation Extensions";
			runOnlyForDeploymentPostprocessing = 0;
		};
/* End PBXCopyFilesBuildPhase section */

/* Begin PBXFileReference section */
		3E1623E52ACE7F01006D6727 /* InteractiveWidgetKit.app */ = {isa = PBXFileReference; explicitFileType = wrapper.application; includeInIndex = 0; path = InteractiveWidgetKit.app; sourceTree = BUILT_PRODUCTS_DIR; };
		3E1623E82ACE7F01006D6727 /* InteractiveWidgetKitApp.swift */ = {isa = PBXFileReference; lastKnownFileType = sourcecode.swift; path = InteractiveWidgetKitApp.swift; sourceTree = "<group>"; };
		3E1623EA2ACE7F01006D6727 /* ContentView.swift */ = {isa = PBXFileReference; lastKnownFileType = sourcecode.swift; path = ContentView.swift; sourceTree = "<group>"; };
		3E1623EC2ACE7F02006D6727 /* Assets.xcassets */ = {isa = PBXFileReference; lastKnownFileType = folder.assetcatalog; path = Assets.xcassets; sourceTree = "<group>"; };
		3E1623EF2ACE7F02006D6727 /* Preview Assets.xcassets */ = {isa = PBXFileReference; lastKnownFileType = folder.assetcatalog; path = "Preview Assets.xcassets"; sourceTree = "<group>"; };
		3E1623FA2ACE7F61006D6727 /* ToDoWidgetExtension.appex */ = {isa = PBXFileReference; explicitFileType = "wrapper.app-extension"; includeInIndex = 0; path = ToDoWidgetExtension.appex; sourceTree = BUILT_PRODUCTS_DIR; };
		3E1623FC2ACE7F61006D6727 /* WidgetKit.framework */ = {isa = PBXFileReference; lastKnownFileType = wrapper.framework; name = WidgetKit.framework; path = System/Library/Frameworks/WidgetKit.framework; sourceTree = SDKROOT; };
		3E1623FE2ACE7F61006D6727 /* SwiftUI.framework */ = {isa = PBXFileReference; lastKnownFileType = wrapper.framework; name = SwiftUI.framework; path = System/Library/Frameworks/SwiftUI.framework; sourceTree = SDKROOT; };
		3E1624012ACE7F61006D6727 /* ToDoWidgetBundle.swift */ = {isa = PBXFileReference; lastKnownFileType = sourcecode.swift; path = ToDoWidgetBundle.swift; sourceTree = "<group>"; };
		3E1624032ACE7F61006D6727 /* ToDoWidget.swift */ = {isa = PBXFileReference; lastKnownFileType = sourcecode.swift; path = ToDoWidget.swift; sourceTree = "<group>"; };
		3E1624052ACE7F62006D6727 /* Assets.xcassets */ = {isa = PBXFileReference; lastKnownFileType = folder.assetcatalog; path = Assets.xcassets; sourceTree = "<group>"; };
		3E1624072ACE7F62006D6727 /* Info.plist */ = {isa = PBXFileReference; lastKnownFileType = text.plist.xml; path = Info.plist; sourceTree = "<group>"; };
		3E16240F2ACE7F9D006D6727 /* ToDo.swift */ = {isa = PBXFileReference; lastKnownFileType = sourcecode.swift; path = ToDo.swift; sourceTree = "<group>"; };
		3E1624122ACE877B006D6727 /* CompleteToDoIntent.swift */ = {isa = PBXFileReference; lastKnownFileType = sourcecode.swift; path = CompleteToDoIntent.swift; sourceTree = "<group>"; };
/* End PBXFileReference section */

/* Begin PBXFrameworksBuildPhase section */
		3E1623E22ACE7F01006D6727 /* Frameworks */ = {
			isa = PBXFrameworksBuildPhase;
			buildActionMask = 2147483647;
			files = (
			);
			runOnlyForDeploymentPostprocessing = 0;
		};
		3E1623F72ACE7F61006D6727 /* Frameworks */ = {
			isa = PBXFrameworksBuildPhase;
			buildActionMask = 2147483647;
			files = (
				3E1623FF2ACE7F61006D6727 /* SwiftUI.framework in Frameworks */,
				3E1623FD2ACE7F61006D6727 /* WidgetKit.framework in Frameworks */,
			);
			runOnlyForDeploymentPostprocessing = 0;
		};
/* End PBXFrameworksBuildPhase section */

/* Begin PBXGroup section */
		3E1623DC2ACE7F01006D6727 = {
			isa = PBXGroup;
			children = (
				3E1623E72ACE7F01006D6727 /* InteractiveWidgetKit */,
				3E1624002ACE7F61006D6727 /* ToDoWidget */,
				3E1623FB2ACE7F61006D6727 /* Frameworks */,
				3E1623E62ACE7F01006D6727 /* Products */,
			);
			sourceTree = "<group>";
		};
		3E1623E62ACE7F01006D6727 /* Products */ = {
			isa = PBXGroup;
			children = (
				3E1623E52ACE7F01006D6727 /* InteractiveWidgetKit.app */,
				3E1623FA2ACE7F61006D6727 /* ToDoWidgetExtension.appex */,
			);
			name = Products;
			sourceTree = "<group>";
		};
		3E1623E72ACE7F01006D6727 /* InteractiveWidgetKit */ = {
			isa = PBXGroup;
			children = (
				3E1623E82ACE7F01006D6727 /* InteractiveWidgetKitApp.swift */,
				3E1623EA2ACE7F01006D6727 /* ContentView.swift */,
				3E1623EC2ACE7F02006D6727 /* Assets.xcassets */,
				3E1623EE2ACE7F02006D6727 /* Preview Content */,
				3E16240F2ACE7F9D006D6727 /* ToDo.swift */,
			);
			path = InteractiveWidgetKit;
			sourceTree = "<group>";
		};
		3E1623EE2ACE7F02006D6727 /* Preview Content */ = {
			isa = PBXGroup;
			children = (
				3E1623EF2ACE7F02006D6727 /* Preview Assets.xcassets */,
			);
			path = "Preview Content";
			sourceTree = "<group>";
		};
		3E1623FB2ACE7F61006D6727 /* Frameworks */ = {
			isa = PBXGroup;
			children = (
				3E1623FC2ACE7F61006D6727 /* WidgetKit.framework */,
				3E1623FE2ACE7F61006D6727 /* SwiftUI.framework */,
			);
			name = Frameworks;
			sourceTree = "<group>";
		};
		3E1624002ACE7F61006D6727 /* ToDoWidget */ = {
			isa = PBXGroup;
			children = (
				3E1624012ACE7F61006D6727 /* ToDoWidgetBundle.swift */,
				3E1624032ACE7F61006D6727 /* ToDoWidget.swift */,
				3E1624052ACE7F62006D6727 /* Assets.xcassets */,
				3E1624072ACE7F62006D6727 /* Info.plist */,
				3E1624122ACE877B006D6727 /* CompleteToDoIntent.swift */,
			);
			path = ToDoWidget;
			sourceTree = "<group>";
		};
/* End PBXGroup section */

/* Begin PBXNativeTarget section */
		3E1623E42ACE7F01006D6727 /* InteractiveWidgetKit */ = {
			isa = PBXNativeTarget;
			buildConfigurationList = 3E1623F32ACE7F02006D6727 /* Build configuration list for PBXNativeTarget "InteractiveWidgetKit" */;
			buildPhases = (
				3E1623E12ACE7F01006D6727 /* Sources */,
				3E1623E22ACE7F01006D6727 /* Frameworks */,
				3E1623E32ACE7F01006D6727 /* Resources */,
				3E16240E2ACE7F62006D6727 /* Embed Foundation Extensions */,
			);
			buildRules = (
			);
			dependencies = (
				3E1624092ACE7F62006D6727 /* PBXTargetDependency */,
			);
			name = InteractiveWidgetKit;
			productName = InteractiveWidgetKit;
			productReference = 3E1623E52ACE7F01006D6727 /* InteractiveWidgetKit.app */;
			productType = "com.apple.product-type.application";
		};
		3E1623F92ACE7F61006D6727 /* ToDoWidgetExtension */ = {
			isa = PBXNativeTarget;
			buildConfigurationList = 3E16240B2ACE7F62006D6727 /* Build configuration list for PBXNativeTarget "ToDoWidgetExtension" */;
			buildPhases = (
				3E1623F62ACE7F61006D6727 /* Sources */,
				3E1623F72ACE7F61006D6727 /* Frameworks */,
				3E1623F82ACE7F61006D6727 /* Resources */,
			);
			buildRules = (
			);
			dependencies = (
			);
			name = ToDoWidgetExtension;
			productName = ToDoWidgetExtension;
			productReference = 3E1623FA2ACE7F61006D6727 /* ToDoWidgetExtension.appex */;
			productType = "com.apple.product-type.app-extension";
		};
/* End PBXNativeTarget section */

/* Begin PBXProject section */
		3E1623DD2ACE7F01006D6727 /* Project object */ = {
			isa = PBXProject;
			attributes = {
				BuildIndependentTargetsInParallel = 1;
				LastSwiftUpdateCheck = 1500;
				LastUpgradeCheck = 1500;
				TargetAttributes = {
					3E1623E42ACE7F01006D6727 = {
						CreatedOnToolsVersion = 15.0;
					};
					3E1623F92ACE7F61006D6727 = {
						CreatedOnToolsVersion = 15.0;
					};
				};
			};
			buildConfigurationList = 3E1623E02ACE7F01006D6727 /* Build configuration list for PBXProject "InteractiveWidgetKit" */;
			compatibilityVersion = "Xcode 14.0";
			developmentRegion = en;
			hasScannedForEncodings = 0;
			knownRegions = (
				en,
				Base,
			);
			mainGroup = 3E1623DC2ACE7F01006D6727;
			productRefGroup = 3E1623E62ACE7F01006D6727 /* Products */;
			projectDirPath = "";
			projectRoot = "";
			targets = (
				3E1623E42ACE7F01006D6727 /* InteractiveWidgetKit */,
				3E1623F92ACE7F61006D6727 /* ToDoWidgetExtension */,
			);
		};
/* End PBXProject section */

/* Begin PBXResourcesBuildPhase section */
		3E1623E32ACE7F01006D6727 /* Resources */ = {
			isa = PBXResourcesBuildPhase;
			buildActionMask = 2147483647;
			files = (
				3E1623F02ACE7F02006D6727 /* Preview Assets.xcassets in Resources */,
				3E1623ED2ACE7F02006D6727 /* Assets.xcassets in Resources */,
			);
			runOnlyForDeploymentPostprocessing = 0;
		};
		3E1623F82ACE7F61006D6727 /* Resources */ = {
			isa = PBXResourcesBuildPhase;
			buildActionMask = 2147483647;
			files = (
				3E1624062ACE7F62006D6727 /* Assets.xcassets in Resources */,
			);
			runOnlyForDeploymentPostprocessing = 0;
		};
/* End PBXResourcesBuildPhase section */

/* Begin PBXSourcesBuildPhase section */
		3E1623E12ACE7F01006D6727 /* Sources */ = {
			isa = PBXSourcesBuildPhase;
			buildActionMask = 2147483647;
			files = (
				3E1624132ACE877B006D6727 /* CompleteToDoIntent.swift in Sources */,
				3E1624102ACE7F9D006D6727 /* ToDo.swift in Sources */,
				3E1623EB2ACE7F01006D6727 /* ContentView.swift in Sources */,
				3E1623E92ACE7F01006D6727 /* InteractiveWidgetKitApp.swift in Sources */,
			);
			runOnlyForDeploymentPostprocessing = 0;
		};
		3E1623F62ACE7F61006D6727 /* Sources */ = {
			isa = PBXSourcesBuildPhase;
			buildActionMask = 2147483647;
			files = (
				3E1624142ACE8A29006D6727 /* CompleteToDoIntent.swift in Sources */,
				3E1624112ACE8248006D6727 /* ToDo.swift in Sources */,
				3E1624022ACE7F61006D6727 /* ToDoWidgetBundle.swift in Sources */,
				3E1624042ACE7F61006D6727 /* ToDoWidget.swift in Sources */,
			);
			runOnlyForDeploymentPostprocessing = 0;
		};
/* End PBXSourcesBuildPhase section */

/* Begin PBXTargetDependency section */
		3E1624092ACE7F62006D6727 /* PBXTargetDependency */ = {
			isa = PBXTargetDependency;
			target = 3E1623F92ACE7F61006D6727 /* ToDoWidgetExtension */;
			targetProxy = 3E1624082ACE7F62006D6727 /* PBXContainerItemProxy */;
		};
/* End PBXTargetDependency section */

/* Begin XCBuildConfiguration section */
		3E1623F12ACE7F02006D6727 /* Debug */ = {
			isa = XCBuildConfiguration;
			buildSettings = {
				ALWAYS_SEARCH_USER_PATHS = NO;
				ASSETCATALOG_COMPILER_GENERATE_SWIFT_ASSET_SYMBOL_EXTENSIONS = YES;
				CLANG_ANALYZER_NONNULL = YES;
				CLANG_ANALYZER_NUMBER_OBJECT_CONVERSION = YES_AGGRESSIVE;
				CLANG_CXX_LANGUAGE_STANDARD = "gnu++20";
				CLANG_ENABLE_MODULES = YES;
				CLANG_ENABLE_OBJC_ARC = YES;
				CLANG_ENABLE_OBJC_WEAK = YES;
				CLANG_WARN_BLOCK_CAPTURE_AUTORELEASING = YES;
				CLANG_WARN_BOOL_CONVERSION = YES;
				CLANG_WARN_COMMA = YES;
				CLANG_WARN_CONSTANT_CONVERSION = YES;
				CLANG_WARN_DEPRECATED_OBJC_IMPLEMENTATIONS = YES;
				CLANG_WARN_DIRECT_OBJC_ISA_USAGE = YES_ERROR;
				CLANG_WARN_DOCUMENTATION_COMMENTS = YES;
				CLANG_WARN_EMPTY_BODY = YES;
				CLANG_WARN_ENUM_CONVERSION = YES;
				CLANG_WARN_INFINITE_RECURSION = YES;
				CLANG_WARN_INT_CONVERSION = YES;
				CLANG_WARN_NON_LITERAL_NULL_CONVERSION = YES;
				CLANG_WARN_OBJC_IMPLICIT_RETAIN_SELF = YES;
				CLANG_WARN_OBJC_LITERAL_CONVERSION = YES;
				CLANG_WARN_OBJC_ROOT_CLASS = YES_ERROR;
				CLANG_WARN_QUOTED_INCLUDE_IN_FRAMEWORK_HEADER = YES;
				CLANG_WARN_RANGE_LOOP_ANALYSIS = YES;
				CLANG_WARN_STRICT_PROTOTYPES = YES;
				CLANG_WARN_SUSPICIOUS_MOVE = YES;
				CLANG_WARN_UNGUARDED_AVAILABILITY = YES_AGGRESSIVE;
				CLANG_WARN_UNREACHABLE_CODE = YES;
				CLANG_WARN__DUPLICATE_METHOD_MATCH = YES;
				COPY_PHASE_STRIP = NO;
				DEBUG_INFORMATION_FORMAT = dwarf;
				ENABLE_STRICT_OBJC_MSGSEND = YES;
				ENABLE_TESTABILITY = YES;
				ENABLE_USER_SCRIPT_SANDBOXING = YES;
				GCC_C_LANGUAGE_STANDARD = gnu17;
				GCC_DYNAMIC_NO_PIC = NO;
				GCC_NO_COMMON_BLOCKS = YES;
				GCC_OPTIMIZATION_LEVEL = 0;
				GCC_PREPROCESSOR_DEFINITIONS = (
					"DEBUG=1",
					"$(inherited)",
				);
				GCC_WARN_64_TO_32_BIT_CONVERSION = YES;
				GCC_WARN_ABOUT_RETURN_TYPE = YES_ERROR;
				GCC_WARN_UNDECLARED_SELECTOR = YES;
				GCC_WARN_UNINITIALIZED_AUTOS = YES_AGGRESSIVE;
				GCC_WARN_UNUSED_FUNCTION = YES;
				GCC_WARN_UNUSED_VARIABLE = YES;
				IPHONEOS_DEPLOYMENT_TARGET = 17.0;
				LOCALIZATION_PREFERS_STRING_CATALOGS = YES;
				MTL_ENABLE_DEBUG_INFO = INCLUDE_SOURCE;
				MTL_FAST_MATH = YES;
				ONLY_ACTIVE_ARCH = YES;
				SDKROOT = iphoneos;
				SWIFT_ACTIVE_COMPILATION_CONDITIONS = "DEBUG $(inherited)";
				SWIFT_OPTIMIZATION_LEVEL = "-Onone";
			};
			name = Debug;
		};
		3E1623F22ACE7F02006D6727 /* Release */ = {
			isa = XCBuildConfiguration;
			buildSettings = {
				ALWAYS_SEARCH_USER_PATHS = NO;
				ASSETCATALOG_COMPILER_GENERATE_SWIFT_ASSET_SYMBOL_EXTENSIONS = YES;
				CLANG_ANALYZER_NONNULL = YES;
				CLANG_ANALYZER_NUMBER_OBJECT_CONVERSION = YES_AGGRESSIVE;
				CLANG_CXX_LANGUAGE_STANDARD = "gnu++20";
				CLANG_ENABLE_MODULES = YES;
				CLANG_ENABLE_OBJC_ARC = YES;
				CLANG_ENABLE_OBJC_WEAK = YES;
				CLANG_WARN_BLOCK_CAPTURE_AUTORELEASING = YES;
				CLANG_WARN_BOOL_CONVERSION = YES;
				CLANG_WARN_COMMA = YES;
				CLANG_WARN_CONSTANT_CONVERSION = YES;
				CLANG_WARN_DEPRECATED_OBJC_IMPLEMENTATIONS = YES;
				CLANG_WARN_DIRECT_OBJC_ISA_USAGE = YES_ERROR;
				CLANG_WARN_DOCUMENTATION_COMMENTS = YES;
				CLANG_WARN_EMPTY_BODY = YES;
				CLANG_WARN_ENUM_CONVERSION = YES;
				CLANG_WARN_INFINITE_RECURSION = YES;
				CLANG_WARN_INT_CONVERSION = YES;
				CLANG_WARN_NON_LITERAL_NULL_CONVERSION = YES;
				CLANG_WARN_OBJC_IMPLICIT_RETAIN_SELF = YES;
				CLANG_WARN_OBJC_LITERAL_CONVERSION = YES;
				CLANG_WARN_OBJC_ROOT_CLASS = YES_ERROR;
				CLANG_WARN_QUOTED_INCLUDE_IN_FRAMEWORK_HEADER = YES;
				CLANG_WARN_RANGE_LOOP_ANALYSIS = YES;
				CLANG_WARN_STRICT_PROTOTYPES = YES;
				CLANG_WARN_SUSPICIOUS_MOVE = YES;
				CLANG_WARN_UNGUARDED_AVAILABILITY = YES_AGGRESSIVE;
				CLANG_WARN_UNREACHABLE_CODE = YES;
				CLANG_WARN__DUPLICATE_METHOD_MATCH = YES;
				COPY_PHASE_STRIP = NO;
				DEBUG_INFORMATION_FORMAT = "dwarf-with-dsym";
				ENABLE_NS_ASSERTIONS = NO;
				ENABLE_STRICT_OBJC_MSGSEND = YES;
				ENABLE_USER_SCRIPT_SANDBOXING = YES;
				GCC_C_LANGUAGE_STANDARD = gnu17;
				GCC_NO_COMMON_BLOCKS = YES;
				GCC_WARN_64_TO_32_BIT_CONVERSION = YES;
				GCC_WARN_ABOUT_RETURN_TYPE = YES_ERROR;
				GCC_WARN_UNDECLARED_SELECTOR = YES;
				GCC_WARN_UNINITIALIZED_AUTOS = YES_AGGRESSIVE;
				GCC_WARN_UNUSED_FUNCTION = YES;
				GCC_WARN_UNUSED_VARIABLE = YES;
				IPHONEOS_DEPLOYMENT_TARGET = 17.0;
				LOCALIZATION_PREFERS_STRING_CATALOGS = YES;
				MTL_ENABLE_DEBUG_INFO = NO;
				MTL_FAST_MATH = YES;
				SDKROOT = iphoneos;
				SWIFT_COMPILATION_MODE = wholemodule;
				VALIDATE_PRODUCT = YES;
			};
			name = Release;
		};
		3E1623F42ACE7F02006D6727 /* Debug */ = {
			isa = XCBuildConfiguration;
			buildSettings = {
				ALWAYS_EMBED_SWIFT_STANDARD_LIBRARIES = YES;
				ASSETCATALOG_COMPILER_APPICON_NAME = AppIcon;
				ASSETCATALOG_COMPILER_GLOBAL_ACCENT_COLOR_NAME = AccentColor;
				CODE_SIGN_STYLE = Automatic;
				CURRENT_PROJECT_VERSION = 1;
				DEVELOPMENT_ASSET_PATHS = "\"InteractiveWidgetKit/Preview Content\"";
				DEVELOPMENT_TEAM = NP9SFSU59W;
				ENABLE_PREVIEWS = YES;
				GENERATE_INFOPLIST_FILE = YES;
				INFOPLIST_KEY_UIApplicationSceneManifest_Generation = YES;
				INFOPLIST_KEY_UIApplicationSupportsIndirectInputEvents = YES;
				INFOPLIST_KEY_UILaunchScreen_Generation = YES;
				INFOPLIST_KEY_UISupportedInterfaceOrientations_iPad = "UIInterfaceOrientationPortrait UIInterfaceOrientationPortraitUpsideDown UIInterfaceOrientationLandscapeLeft UIInterfaceOrientationLandscapeRight";
				INFOPLIST_KEY_UISupportedInterfaceOrientations_iPhone = "UIInterfaceOrientationPortrait UIInterfaceOrientationLandscapeLeft UIInterfaceOrientationLandscapeRight";
				LD_RUNPATH_SEARCH_PATHS = (
					"$(inherited)",
					"@executable_path/Frameworks",
				);
				MARKETING_VERSION = 1.0;
				PRODUCT_BUNDLE_IDENTIFIER = dev.onurbulut.InteractiveWidgetKit;
				PRODUCT_NAME = "$(TARGET_NAME)";
				SWIFT_EMIT_LOC_STRINGS = YES;
				SWIFT_VERSION = 5.0;
				TARGETED_DEVICE_FAMILY = "1,2";
			};
			name = Debug;
		};
		3E1623F52ACE7F02006D6727 /* Release */ = {
			isa = XCBuildConfiguration;
			buildSettings = {
				ALWAYS_EMBED_SWIFT_STANDARD_LIBRARIES = YES;
				ASSETCATALOG_COMPILER_APPICON_NAME = AppIcon;
				ASSETCATALOG_COMPILER_GLOBAL_ACCENT_COLOR_NAME = AccentColor;
				CODE_SIGN_STYLE = Automatic;
				CURRENT_PROJECT_VERSION = 1;
				DEVELOPMENT_ASSET_PATHS = "\"InteractiveWidgetKit/Preview Content\"";
				DEVELOPMENT_TEAM = NP9SFSU59W;
				ENABLE_PREVIEWS = YES;
				GENERATE_INFOPLIST_FILE = YES;
				INFOPLIST_KEY_UIApplicationSceneManifest_Generation = YES;
				INFOPLIST_KEY_UIApplicationSupportsIndirectInputEvents = YES;
				INFOPLIST_KEY_UILaunchScreen_Generation = YES;
				INFOPLIST_KEY_UISupportedInterfaceOrientations_iPad = "UIInterfaceOrientationPortrait UIInterfaceOrientationPortraitUpsideDown UIInterfaceOrientationLandscapeLeft UIInterfaceOrientationLandscapeRight";
				INFOPLIST_KEY_UISupportedInterfaceOrientations_iPhone = "UIInterfaceOrientationPortrait UIInterfaceOrientationLandscapeLeft UIInterfaceOrientationLandscapeRight";
				LD_RUNPATH_SEARCH_PATHS = (
					"$(inherited)",
					"@executable_path/Frameworks",
				);
				MARKETING_VERSION = 1.0;
				PRODUCT_BUNDLE_IDENTIFIER = dev.onurbulut.InteractiveWidgetKit;
				PRODUCT_NAME = "$(TARGET_NAME)";
				SWIFT_EMIT_LOC_STRINGS = YES;
				SWIFT_VERSION = 5.0;
				TARGETED_DEVICE_FAMILY = "1,2";
			};
			name = Release;
		};
		3E16240C2ACE7F62006D6727 /* Debug */ = {
			isa = XCBuildConfiguration;
			buildSettings = {
				ASSETCATALOG_COMPILER_GLOBAL_ACCENT_COLOR_NAME = AccentColor;
				ASSETCATALOG_COMPILER_WIDGET_BACKGROUND_COLOR_NAME = WidgetBackground;
				CODE_SIGN_STYLE = Automatic;
				CURRENT_PROJECT_VERSION = 1;
				DEVELOPMENT_TEAM = NP9SFSU59W;
				GENERATE_INFOPLIST_FILE = YES;
				INFOPLIST_FILE = ToDoWidget/Info.plist;
				INFOPLIST_KEY_CFBundleDisplayName = ToDoWidget;
				INFOPLIST_KEY_NSHumanReadableCopyright = "";
				LD_RUNPATH_SEARCH_PATHS = (
					"$(inherited)",
					"@executable_path/Frameworks",
					"@executable_path/../../Frameworks",
				);
				MARKETING_VERSION = 1.0;
				PRODUCT_BUNDLE_IDENTIFIER = dev.onurbulut.InteractiveWidgetKit.ToDoWidget;
				PRODUCT_NAME = "$(TARGET_NAME)";
				SKIP_INSTALL = YES;
				SWIFT_EMIT_LOC_STRINGS = YES;
				SWIFT_VERSION = 5.0;
				TARGETED_DEVICE_FAMILY = "1,2";
			};
			name = Debug;
		};
		3E16240D2ACE7F62006D6727 /* Release */ = {
			isa = XCBuildConfiguration;
			buildSettings = {
				ASSETCATALOG_COMPILER_GLOBAL_ACCENT_COLOR_NAME = AccentColor;
				ASSETCATALOG_COMPILER_WIDGET_BACKGROUND_COLOR_NAME = WidgetBackground;
				CODE_SIGN_STYLE = Automatic;
				CURRENT_PROJECT_VERSION = 1;
				DEVELOPMENT_TEAM = NP9SFSU59W;
				GENERATE_INFOPLIST_FILE = YES;
				INFOPLIST_FILE = ToDoWidget/Info.plist;
				INFOPLIST_KEY_CFBundleDisplayName = ToDoWidget;
				INFOPLIST_KEY_NSHumanReadableCopyright = "";
				LD_RUNPATH_SEARCH_PATHS = (
					"$(inherited)",
					"@executable_path/Frameworks",
					"@executable_path/../../Frameworks",
				);
				MARKETING_VERSION = 1.0;
				PRODUCT_BUNDLE_IDENTIFIER = dev.onurbulut.InteractiveWidgetKit.ToDoWidget;
				PRODUCT_NAME = "$(TARGET_NAME)";
				SKIP_INSTALL = YES;
				SWIFT_EMIT_LOC_STRINGS = YES;
				SWIFT_VERSION = 5.0;
				TARGETED_DEVICE_FAMILY = "1,2";
			};
			name = Release;
		};
/* End XCBuildConfiguration section */

/* Begin XCConfigurationList section */
		3E1623E02ACE7F01006D6727 /* Build configuration list for PBXProject "InteractiveWidgetKit" */ = {
			isa = XCConfigurationList;
			buildConfigurations = (
				3E1623F12ACE7F02006D6727 /* Debug */,
				3E1623F22ACE7F02006D6727 /* Release */,
			);
			defaultConfigurationIsVisible = 0;
			defaultConfigurationName = Release;
		};
		3E1623F32ACE7F02006D6727 /* Build configuration list for PBXNativeTarget "InteractiveWidgetKit" */ = {
			isa = XCConfigurationList;
			buildConfigurations = (
				3E1623F42ACE7F02006D6727 /* Debug */,
				3E1623F52ACE7F02006D6727 /* Release */,
			);
			defaultConfigurationIsVisible = 0;
			defaultConfigurationName = Release;
		};
		3E16240B2ACE7F62006D6727 /* Build configuration list for PBXNativeTarget "ToDoWidgetExtension" */ = {
			isa = XCConfigurationList;
			buildConfigurations = (
				3E16240C2ACE7F62006D6727 /* Debug */,
				3E16240D2ACE7F62006D6727 /* Release */,
			);
			defaultConfigurationIsVisible = 0;
			defaultConfigurationName = Release;
		};
/* End XCConfigurationList section */
	};
	rootObject = 3E1623DD2ACE7F01006D6727 /* Project object */;
}
